
Microsoft Visual Studio Solution File, Format Version 12.00
# Visual Studio Version 17
VisualStudioVersion = 17.4.33213.308
MinimumVisualStudioVersion = 10.0.40219.1
Project("{FAE04EC0-301F-11D3-BF4B-00C04F79EFBC}") = "FolderHelp", "FolderHelp\FolderHelp.csproj", "{AC96687D-E603-43B9-963D-5ACE418549B3}"
EndProject
Global
	GlobalSection(SolutionConfigurationPlatforms) = preSolution
		Debug|Any CPU = Debug|Any CPU
		Release|Any CPU = Release|Any CPU
	EndGlobalSection
	GlobalSection(ProjectConfigurationPlatforms) = postSolution
		{AC96687D-E603-43B9-963D-5ACE418549B3}.Debug|Any CPU.ActiveCfg = Debug|Any CPU
		{AC96687D-E603-43B9-963D-5ACE418549B3}.Debug|Any CPU.Build.0 = Debug|Any CPU
		{AC96687D-E603-43B9-963D-5ACE418549B3}.Release|Any CPU.ActiveCfg = Release|Any CPU
		{AC96687D-E603-43B9-963D-5ACE418549B3}.Release|Any CPU.Build.0 = Release|Any CPU
	EndGlobalSection
	GlobalSection(SolutionProperties) = preSolution
		HideSolutionNode = FALSE
	EndGlobalSection
	GlobalSection(ExtensibilityGlobals) = postSolution
		SolutionGuid = {47E78551-33BF-4FF1-B16F-D1C255BFC8C1}
	EndGlobalSection
EndGlobal
